
Microsoft Visual Studio Solution File, Format Version 12.00
# Visual Studio Version 17
VisualStudioVersion = 17.4.33110.190
MinimumVisualStudioVersion = 10.0.40219.1
Project("{FAE04EC0-301F-11D3-BF4B-00C04F79EFBC}") = "MoveZeroes", "MoveZeroes\MoveZeroes.csproj", "{AEB04E92-0271-4720-AAA3-F36734E2E62E}"
EndProject
Global
	GlobalSection(SolutionConfigurationPlatforms) = preSolution
		Debug|Any CPU = Debug|Any CPU
		Release|Any CPU = Release|Any CPU
	EndGlobalSection
	GlobalSection(ProjectConfigurationPlatforms) = postSolution
		{AEB04E92-0271-4720-AAA3-F36734E2E62E}.Debug|Any CPU.ActiveCfg = Debug|Any CPU
		{AEB04E92-0271-4720-AAA3-F36734E2E62E}.Debug|Any CPU.Build.0 = Debug|Any CPU
		{AEB04E92-0271-4720-AAA3-F36734E2E62E}.Release|Any CPU.ActiveCfg = Release|Any CPU
		{AEB04E92-0271-4720-AAA3-F36734E2E62E}.Release|Any CPU.Build.0 = Release|Any CPU
	EndGlobalSection
	GlobalSection(SolutionProperties) = preSolution
		HideSolutionNode = FALSE
	EndGlobalSection
	GlobalSection(ExtensibilityGlobals) = postSolution
		SolutionGuid = {87480217-8861-49F4-BB8D-62242DC8C9C9}
	EndGlobalSection
EndGlobal
