
Microsoft Visual Studio Solution File, Format Version 12.00
# Visual Studio Version 17
VisualStudioVersion = 17.4.33110.190
MinimumVisualStudioVersion = 10.0.40219.1
Project("{FAE04EC0-301F-11D3-BF4B-00C04F79EFBC}") = "SortedSquaredArray", "SortedSquaredArray\SortedSquaredArray.csproj", "{FEAF2123-5B6F-41AA-BE9C-F7014A4B11C1}"
EndProject
Global
	GlobalSection(SolutionConfigurationPlatforms) = preSolution
		Debug|Any CPU = Debug|Any CPU
		Release|Any CPU = Release|Any CPU
	EndGlobalSection
	GlobalSection(ProjectConfigurationPlatforms) = postSolution
		{FEAF2123-5B6F-41AA-BE9C-F7014A4B11C1}.Debug|Any CPU.ActiveCfg = Debug|Any CPU
		{FEAF2123-5B6F-41AA-BE9C-F7014A4B11C1}.Debug|Any CPU.Build.0 = Debug|Any CPU
		{FEAF2123-5B6F-41AA-BE9C-F7014A4B11C1}.Release|Any CPU.ActiveCfg = Release|Any CPU
		{FEAF2123-5B6F-41AA-BE9C-F7014A4B11C1}.Release|Any CPU.Build.0 = Release|Any CPU
	EndGlobalSection
	GlobalSection(SolutionProperties) = preSolution
		HideSolutionNode = FALSE
	EndGlobalSection
	GlobalSection(ExtensibilityGlobals) = postSolution
		SolutionGuid = {3C233650-3C54-49EE-B617-03D582F217C0}
	EndGlobalSection
EndGlobal
