
Microsoft Visual Studio Solution File, Format Version 12.00
# Visual Studio Version 17
VisualStudioVersion = 17.4.33110.190
MinimumVisualStudioVersion = 10.0.40219.1
Project("{FAE04EC0-301F-11D3-BF4B-00C04F79EFBC}") = "RansomNote", "RansomNote\RansomNote.csproj", "{DC375E21-616A-4992-A152-81C9A6E3F439}"
EndProject
Global
	GlobalSection(SolutionConfigurationPlatforms) = preSolution
		Debug|Any CPU = Debug|Any CPU
		Release|Any CPU = Release|Any CPU
	EndGlobalSection
	GlobalSection(ProjectConfigurationPlatforms) = postSolution
		{DC375E21-616A-4992-A152-81C9A6E3F439}.Debug|Any CPU.ActiveCfg = Debug|Any CPU
		{DC375E21-616A-4992-A152-81C9A6E3F439}.Debug|Any CPU.Build.0 = Debug|Any CPU
		{DC375E21-616A-4992-A152-81C9A6E3F439}.Release|Any CPU.ActiveCfg = Release|Any CPU
		{DC375E21-616A-4992-A152-81C9A6E3F439}.Release|Any CPU.Build.0 = Release|Any CPU
	EndGlobalSection
	GlobalSection(SolutionProperties) = preSolution
		HideSolutionNode = FALSE
	EndGlobalSection
	GlobalSection(ExtensibilityGlobals) = postSolution
		SolutionGuid = {D709715E-BA8E-4832-8168-E7749B1F0A47}
	EndGlobalSection
EndGlobal
