
Microsoft Visual Studio Solution File, Format Version 12.00
# Visual Studio Version 17
VisualStudioVersion = 17.4.33110.190
MinimumVisualStudioVersion = 10.0.40219.1
Project("{FAE04EC0-301F-11D3-BF4B-00C04F79EFBC}") = "MergedSortesArray", "MergedSortesArray\MergedSortesArray.csproj", "{0150F65E-75B9-4942-8D78-186620FF717E}"
EndProject
Global
	GlobalSection(SolutionConfigurationPlatforms) = preSolution
		Debug|Any CPU = Debug|Any CPU
		Release|Any CPU = Release|Any CPU
	EndGlobalSection
	GlobalSection(ProjectConfigurationPlatforms) = postSolution
		{0150F65E-75B9-4942-8D78-186620FF717E}.Debug|Any CPU.ActiveCfg = Debug|Any CPU
		{0150F65E-75B9-4942-8D78-186620FF717E}.Debug|Any CPU.Build.0 = Debug|Any CPU
		{0150F65E-75B9-4942-8D78-186620FF717E}.Release|Any CPU.ActiveCfg = Release|Any CPU
		{0150F65E-75B9-4942-8D78-186620FF717E}.Release|Any CPU.Build.0 = Release|Any CPU
	EndGlobalSection
	GlobalSection(SolutionProperties) = preSolution
		HideSolutionNode = FALSE
	EndGlobalSection
	GlobalSection(ExtensibilityGlobals) = postSolution
		SolutionGuid = {FF5B098E-6E37-445D-983E-E6502F8F3ADD}
	EndGlobalSection
EndGlobal
